
Microsoft Visual Studio Solution File, Format Version 12.00
# Visual Studio Version 17
VisualStudioVersion = 17.3.32819.101
MinimumVisualStudioVersion = 10.0.40219.1
Project("{FAE04EC0-301F-11D3-BF4B-00C04F79EFBC}") = "QRMaker", "QRMaker\QRMaker.csproj", "{D29CA6D3-4519-4DC4-9A13-9AEF9A5F5F0F}"
EndProject
Global
	GlobalSection(SolutionConfigurationPlatforms) = preSolution
		Debug|Any CPU = Debug|Any CPU
		Release|Any CPU = Release|Any CPU
	EndGlobalSection
	GlobalSection(ProjectConfigurationPlatforms) = postSolution
		{D29CA6D3-4519-4DC4-9A13-9AEF9A5F5F0F}.Debug|Any CPU.ActiveCfg = Debug|Any CPU
		{D29CA6D3-4519-4DC4-9A13-9AEF9A5F5F0F}.Debug|Any CPU.Build.0 = Debug|Any CPU
		{D29CA6D3-4519-4DC4-9A13-9AEF9A5F5F0F}.Release|Any CPU.ActiveCfg = Release|Any CPU
		{D29CA6D3-4519-4DC4-9A13-9AEF9A5F5F0F}.Release|Any CPU.Build.0 = Release|Any CPU
	EndGlobalSection
	GlobalSection(SolutionProperties) = preSolution
		HideSolutionNode = FALSE
	EndGlobalSection
	GlobalSection(ExtensibilityGlobals) = postSolution
		SolutionGuid = {DBC42ED8-D057-477D-94E4-AD22D089FF64}
	EndGlobalSection
EndGlobal
